// !$*UTF8*$!
{
	archiveVersion = 1;
	classes = {
	};
	objectVersion = 46;
	objects = {

/* Begin PBXGroup section */
		D58C2DB51ACB4F90009DE037 = {
			isa = PBXGroup;
			children = (
			);
			sourceTree = "<group>";
		};
/* End PBXGroup section */

/* Begin PBXProject section */
		D58C2DB61ACB4F90009DE037 /* Project object */ = {
			isa = PBXProject;
			attributes = {
				LastUpgradeCheck = 0610;
			};
			buildConfigurationList = D58C2DB91ACB4F90009DE037 /* Build configuration list for PBXProject "recognize" */;
			compatibilityVersion = "Xcode 3.2";
			developmentRegion = English;
			hasScannedForEncodings = 0;
			knownRegions = (
				en,
			);
			mainGroup = D58C2DB51ACB4F90009DE037;
			projectDirPath = "";
			projectRoot = "";
			targets = (
			);
		};
/* End PBXProject section */

/* Begin XCBuildConfiguration section */
		D58C2DBA1ACB4F90009DE037 /* Debug */ = {
			isa = XCBuildConfiguration;
			buildSettings = {
			};
			name = Debug;
		};
		D58C2DBB1ACB4F90009DE037 /* Release */ = {
			isa = XCBuildConfiguration;
			buildSettings = {
			};
			name = Release;
		};
/* End XCBuildConfiguration section */

/* Begin XCConfigurationList section */
		D58C2DB91ACB4F90009DE037 /* Build configuration list for PBXProject "recognize" */ = {
			isa = XCConfigurationList;
			buildConfigurations = (
				D58C2DBA1ACB4F90009DE037 /* Debug */,
				D58C2DBB1ACB4F90009DE037 /* Release */,
			);
			defaultConfigurationIsVisible = 0;
			defaultConfigurationName = Release;
		};
/* End XCConfigurationList section */
	};
	rootObject = D58C2DB61ACB4F90009DE037 /* Project object */;
}
